
Microsoft Visual Studio Solution File, Format Version 12.00
# Visual Studio Version 17
VisualStudioVersion = 17.8.34330.188
MinimumVisualStudioVersion = 10.0.40219.1
Project("{FAE04EC0-301F-11D3-BF4B-00C04F79EFBC}") = "programko", "programko\programko.csproj", "{D05129BA-448A-49E3-BD1B-709908185FF7}"
EndProject
Global
	GlobalSection(SolutionConfigurationPlatforms) = preSolution
		Debug|Any CPU = Debug|Any CPU
		Release|Any CPU = Release|Any CPU
	EndGlobalSection
	GlobalSection(ProjectConfigurationPlatforms) = postSolution
		{D05129BA-448A-49E3-BD1B-709908185FF7}.Debug|Any CPU.ActiveCfg = Debug|Any CPU
		{D05129BA-448A-49E3-BD1B-709908185FF7}.Debug|Any CPU.Build.0 = Debug|Any CPU
		{D05129BA-448A-49E3-BD1B-709908185FF7}.Release|Any CPU.ActiveCfg = Release|Any CPU
		{D05129BA-448A-49E3-BD1B-709908185FF7}.Release|Any CPU.Build.0 = Release|Any CPU
	EndGlobalSection
	GlobalSection(SolutionProperties) = preSolution
		HideSolutionNode = FALSE
	EndGlobalSection
	GlobalSection(ExtensibilityGlobals) = postSolution
		SolutionGuid = {7815411E-B99D-4A1C-89F7-F6D9716455EB}
	EndGlobalSection
EndGlobal
